
Microsoft Visual Studio Solution File, Format Version 12.00
# Visual Studio 15
VisualStudioVersion = 15.0.28307.102
MinimumVisualStudioVersion = 10.0.40219.1
Project("{FAE04EC0-301F-11D3-BF4B-00C04F79EFBC}") = "BuddyMap", "BuddyMap\BuddyMap.csproj", "{A499181D-513F-45F5-AF87-B750E3A3C7A0}"
EndProject
Project("{2150E333-8FDC-42A3-9474-1A3956D46DE8}") = "Solution Items", "Solution Items", "{7F91EB92-A6B5-437A-ACF2-8A86A85A88DE}"
	ProjectSection(SolutionItems) = preProject
		azure-pipelines.yml = azure-pipelines.yml
	EndProjectSection
EndProject
Global
	GlobalSection(SolutionConfigurationPlatforms) = preSolution
		Debug|Any CPU = Debug|Any CPU
		Release|Any CPU = Release|Any CPU
	EndGlobalSection
	GlobalSection(ProjectConfigurationPlatforms) = postSolution
		{A499181D-513F-45F5-AF87-B750E3A3C7A0}.Debug|Any CPU.ActiveCfg = Debug|Any CPU
		{A499181D-513F-45F5-AF87-B750E3A3C7A0}.Debug|Any CPU.Build.0 = Debug|Any CPU
		{A499181D-513F-45F5-AF87-B750E3A3C7A0}.Release|Any CPU.ActiveCfg = Release|Any CPU
		{A499181D-513F-45F5-AF87-B750E3A3C7A0}.Release|Any CPU.Build.0 = Release|Any CPU
	EndGlobalSection
	GlobalSection(SolutionProperties) = preSolution
		HideSolutionNode = FALSE
	EndGlobalSection
	GlobalSection(ExtensibilityGlobals) = postSolution
		SolutionGuid = {F05D1F6B-03F7-40EC-B9F8-CFF1BC79D7B1}
	EndGlobalSection
EndGlobal
